
Microsoft Visual Studio Solution File, Format Version 12.00
# Visual Studio 15
VisualStudioVersion = 15.0.28010.2050
MinimumVisualStudioVersion = 10.0.40219.1
Project("{FAE04EC0-301F-11D3-BF4B-00C04F79EFBC}") = "ReactRedux", "ReactRedux\ReactRedux.csproj", "{1A0946C0-B1C8-41A8-8221-DA0FD9FE8538}"
EndProject
Global
	GlobalSection(SolutionConfigurationPlatforms) = preSolution
		Debug|Any CPU = Debug|Any CPU
		Release|Any CPU = Release|Any CPU
	EndGlobalSection
	GlobalSection(ProjectConfigurationPlatforms) = postSolution
		{1A0946C0-B1C8-41A8-8221-DA0FD9FE8538}.Debug|Any CPU.ActiveCfg = Debug|Any CPU
		{1A0946C0-B1C8-41A8-8221-DA0FD9FE8538}.Debug|Any CPU.Build.0 = Debug|Any CPU
		{1A0946C0-B1C8-41A8-8221-DA0FD9FE8538}.Release|Any CPU.ActiveCfg = Release|Any CPU
		{1A0946C0-B1C8-41A8-8221-DA0FD9FE8538}.Release|Any CPU.Build.0 = Release|Any CPU
	EndGlobalSection
	GlobalSection(SolutionProperties) = preSolution
		HideSolutionNode = FALSE
	EndGlobalSection
	GlobalSection(ExtensibilityGlobals) = postSolution
		SolutionGuid = {382BDCC7-33B6-4598-BA6B-AD9E38063255}
	EndGlobalSection
EndGlobal
